
Microsoft Visual Studio Solution File, Format Version 12.00
# Visual Studio Version 16
VisualStudioVersion = 16.0.29102.190
MinimumVisualStudioVersion = 10.0.40219.1
Project("{FAE04EC0-301F-11D3-BF4B-00C04F79EFBC}") = "AppConsultaCep.UWP", "AppConsultaCep\AppConsultaCep.UWP\AppConsultaCep.UWP.csproj", "{1D6343D7-CC58-4E12-AD29-417DCFDC66A9}"
EndProject
Project("{FAE04EC0-301F-11D3-BF4B-00C04F79EFBC}") = "AppConsultaCep.Android", "AppConsultaCep\AppConsultaCep.Android\AppConsultaCep.Android.csproj", "{EAE09A6F-8D80-4331-BF20-35D3AF171445}"
EndProject
Project("{FAE04EC0-301F-11D3-BF4B-00C04F79EFBC}") = "AppConsultaCep.iOS", "AppConsultaCep\AppConsultaCep.iOS\AppConsultaCep.iOS.csproj", "{585A0C1C-1E34-4EA7-B30B-1884FA94E94F}"
EndProject
Project("{FAE04EC0-301F-11D3-BF4B-00C04F79EFBC}") = "AppConsultaCep", "AppConsultaCep\AppConsultaCep\AppConsultaCep.csproj", "{E51EA899-4D2B-4547-9FF4-275AF94570C8}"
EndProject
Global
	GlobalSection(SolutionConfigurationPlatforms) = preSolution
		Debug|Any CPU = Debug|Any CPU
		Debug|ARM = Debug|ARM
		Debug|iPhone = Debug|iPhone
		Debug|iPhoneSimulator = Debug|iPhoneSimulator
		Debug|x64 = Debug|x64
		Debug|x86 = Debug|x86
		Release|Any CPU = Release|Any CPU
		Release|ARM = Release|ARM
		Release|iPhone = Release|iPhone
		Release|iPhoneSimulator = Release|iPhoneSimulator
		Release|x64 = Release|x64
		Release|x86 = Release|x86
	EndGlobalSection
	GlobalSection(ProjectConfigurationPlatforms) = postSolution
		{1D6343D7-CC58-4E12-AD29-417DCFDC66A9}.Debug|Any CPU.ActiveCfg = Debug|x86
		{1D6343D7-CC58-4E12-AD29-417DCFDC66A9}.Debug|Any CPU.Build.0 = Debug|x86
		{1D6343D7-CC58-4E12-AD29-417DCFDC66A9}.Debug|Any CPU.Deploy.0 = Debug|x86
		{1D6343D7-CC58-4E12-AD29-417DCFDC66A9}.Debug|ARM.ActiveCfg = Debug|ARM
		{1D6343D7-CC58-4E12-AD29-417DCFDC66A9}.Debug|ARM.Build.0 = Debug|ARM
		{1D6343D7-CC58-4E12-AD29-417DCFDC66A9}.Debug|ARM.Deploy.0 = Debug|ARM
		{1D6343D7-CC58-4E12-AD29-417DCFDC66A9}.Debug|iPhone.ActiveCfg = Debug|x86
		{1D6343D7-CC58-4E12-AD29-417DCFDC66A9}.Debug|iPhone.Build.0 = Debug|x86
		{1D6343D7-CC58-4E12-AD29-417DCFDC66A9}.Debug|iPhone.Deploy.0 = Debug|x86
		{1D6343D7-CC58-4E12-AD29-417DCFDC66A9}.Debug|iPhoneSimulator.ActiveCfg = Debug|x86
		{1D6343D7-CC58-4E12-AD29-417DCFDC66A9}.Debug|iPhoneSimulator.Build.0 = Debug|x86
		{1D6343D7-CC58-4E12-AD29-417DCFDC66A9}.Debug|iPhoneSimulator.Deploy.0 = Debug|x86
		{1D6343D7-CC58-4E12-AD29-417DCFDC66A9}.Debug|x64.ActiveCfg = Debug|x64
		{1D6343D7-CC58-4E12-AD29-417DCFDC66A9}.Debug|x64.Build.0 = Debug|x64
		{1D6343D7-CC58-4E12-AD29-417DCFDC66A9}.Debug|x64.Deploy.0 = Debug|x64
		{1D6343D7-CC58-4E12-AD29-417DCFDC66A9}.Debug|x86.ActiveCfg = Debug|x86
		{1D6343D7-CC58-4E12-AD29-417DCFDC66A9}.Debug|x86.Build.0 = Debug|x86
		{1D6343D7-CC58-4E12-AD29-417DCFDC66A9}.Debug|x86.Deploy.0 = Debug|x86
		{1D6343D7-CC58-4E12-AD29-417DCFDC66A9}.Release|Any CPU.ActiveCfg = Release|x86
		{1D6343D7-CC58-4E12-AD29-417DCFDC66A9}.Release|Any CPU.Build.0 = Release|x86
		{1D6343D7-CC58-4E12-AD29-417DCFDC66A9}.Release|Any CPU.Deploy.0 = Release|x86
		{1D6343D7-CC58-4E12-AD29-417DCFDC66A9}.Release|ARM.ActiveCfg = Release|ARM
		{1D6343D7-CC58-4E12-AD29-417DCFDC66A9}.Release|ARM.Build.0 = Release|ARM
		{1D6343D7-CC58-4E12-AD29-417DCFDC66A9}.Release|ARM.Deploy.0 = Release|ARM
		{1D6343D7-CC58-4E12-AD29-417DCFDC66A9}.Release|iPhone.ActiveCfg = Release|x86
		{1D6343D7-CC58-4E12-AD29-417DCFDC66A9}.Release|iPhone.Build.0 = Release|x86
		{1D6343D7-CC58-4E12-AD29-417DCFDC66A9}.Release|iPhone.Deploy.0 = Release|x86
		{1D6343D7-CC58-4E12-AD29-417DCFDC66A9}.Release|iPhoneSimulator.ActiveCfg = Release|x86
		{1D6343D7-CC58-4E12-AD29-417DCFDC66A9}.Release|iPhoneSimulator.Build.0 = Release|x86
		{1D6343D7-CC58-4E12-AD29-417DCFDC66A9}.Release|iPhoneSimulator.Deploy.0 = Release|x86
		{1D6343D7-CC58-4E12-AD29-417DCFDC66A9}.Release|x64.ActiveCfg = Release|x64
		{1D6343D7-CC58-4E12-AD29-417DCFDC66A9}.Release|x64.Build.0 = Release|x64
		{1D6343D7-CC58-4E12-AD29-417DCFDC66A9}.Release|x64.Deploy.0 = Release|x64
		{1D6343D7-CC58-4E12-AD29-417DCFDC66A9}.Release|x86.ActiveCfg = Release|x86
		{1D6343D7-CC58-4E12-AD29-417DCFDC66A9}.Release|x86.Build.0 = Release|x86
		{1D6343D7-CC58-4E12-AD29-417DCFDC66A9}.Release|x86.Deploy.0 = Release|x86
		{EAE09A6F-8D80-4331-BF20-35D3AF171445}.Debug|Any CPU.ActiveCfg = Debug|Any CPU
		{EAE09A6F-8D80-4331-BF20-35D3AF171445}.Debug|Any CPU.Build.0 = Debug|Any CPU
		{EAE09A6F-8D80-4331-BF20-35D3AF171445}.Debug|Any CPU.Deploy.0 = Debug|Any CPU
		{EAE09A6F-8D80-4331-BF20-35D3AF171445}.Debug|ARM.ActiveCfg = Debug|Any CPU
		{EAE09A6F-8D80-4331-BF20-35D3AF171445}.Debug|ARM.Build.0 = Debug|Any CPU
		{EAE09A6F-8D80-4331-BF20-35D3AF171445}.Debug|ARM.Deploy.0 = Debug|Any CPU
		{EAE09A6F-8D80-4331-BF20-35D3AF171445}.Debug|iPhone.ActiveCfg = Debug|Any CPU
		{EAE09A6F-8D80-4331-BF20-35D3AF171445}.Debug|iPhone.Build.0 = Debug|Any CPU
		{EAE09A6F-8D80-4331-BF20-35D3AF171445}.Debug|iPhone.Deploy.0 = Debug|Any CPU
		{EAE09A6F-8D80-4331-BF20-35D3AF171445}.Debug|iPhoneSimulator.ActiveCfg = Debug|Any CPU
		{EAE09A6F-8D80-4331-BF20-35D3AF171445}.Debug|iPhoneSimulator.Build.0 = Debug|Any CPU
		{EAE09A6F-8D80-4331-BF20-35D3AF171445}.Debug|iPhoneSimulator.Deploy.0 = Debug|Any CPU
		{EAE09A6F-8D80-4331-BF20-35D3AF171445}.Debug|x64.ActiveCfg = Debug|Any CPU
		{EAE09A6F-8D80-4331-BF20-35D3AF171445}.Debug|x64.Build.0 = Debug|Any CPU
		{EAE09A6F-8D80-4331-BF20-35D3AF171445}.Debug|x64.Deploy.0 = Debug|Any CPU
		{EAE09A6F-8D80-4331-BF20-35D3AF171445}.Debug|x86.ActiveCfg = Debug|Any CPU
		{EAE09A6F-8D80-4331-BF20-35D3AF171445}.Debug|x86.Build.0 = Debug|Any CPU
		{EAE09A6F-8D80-4331-BF20-35D3AF171445}.Debug|x86.Deploy.0 = Debug|Any CPU
		{EAE09A6F-8D80-4331-BF20-35D3AF171445}.Release|Any CPU.ActiveCfg = Release|Any CPU
		{EAE09A6F-8D80-4331-BF20-35D3AF171445}.Release|Any CPU.Build.0 = Release|Any CPU
		{EAE09A6F-8D80-4331-BF20-35D3AF171445}.Release|Any CPU.Deploy.0 = Release|Any CPU
		{EAE09A6F-8D80-4331-BF20-35D3AF171445}.Release|ARM.ActiveCfg = Release|Any CPU
		{EAE09A6F-8D80-4331-BF20-35D3AF171445}.Release|ARM.Build.0 = Release|Any CPU
		{EAE09A6F-8D80-4331-BF20-35D3AF171445}.Release|ARM.Deploy.0 = Release|Any CPU
		{EAE09A6F-8D80-4331-BF20-35D3AF171445}.Release|iPhone.ActiveCfg = Release|Any CPU
		{EAE09A6F-8D80-4331-BF20-35D3AF171445}.Release|iPhone.Build.0 = Release|Any CPU
		{EAE09A6F-8D80-4331-BF20-35D3AF171445}.Release|iPhone.Deploy.0 = Release|Any CPU
		{EAE09A6F-8D80-4331-BF20-35D3AF171445}.Release|iPhoneSimulator.ActiveCfg = Release|Any CPU
		{EAE09A6F-8D80-4331-BF20-35D3AF171445}.Release|iPhoneSimulator.Build.0 = Release|Any CPU
		{EAE09A6F-8D80-4331-BF20-35D3AF171445}.Release|iPhoneSimulator.Deploy.0 = Release|Any CPU
		{EAE09A6F-8D80-4331-BF20-35D3AF171445}.Release|x64.ActiveCfg = Release|Any CPU
		{EAE09A6F-8D80-4331-BF20-35D3AF171445}.Release|x64.Build.0 = Release|Any CPU
		{EAE09A6F-8D80-4331-BF20-35D3AF171445}.Release|x64.Deploy.0 = Release|Any CPU
		{EAE09A6F-8D80-4331-BF20-35D3AF171445}.Release|x86.ActiveCfg = Release|Any CPU
		{EAE09A6F-8D80-4331-BF20-35D3AF171445}.Release|x86.Build.0 = Release|Any CPU
		{EAE09A6F-8D80-4331-BF20-35D3AF171445}.Release|x86.Deploy.0 = Release|Any CPU
		{585A0C1C-1E34-4EA7-B30B-1884FA94E94F}.Debug|Any CPU.ActiveCfg = Debug|iPhone
		{585A0C1C-1E34-4EA7-B30B-1884FA94E94F}.Debug|Any CPU.Build.0 = Debug|iPhone
		{585A0C1C-1E34-4EA7-B30B-1884FA94E94F}.Debug|Any CPU.Deploy.0 = Debug|iPhone
		{585A0C1C-1E34-4EA7-B30B-1884FA94E94F}.Debug|ARM.ActiveCfg = Debug|iPhoneSimulator
		{585A0C1C-1E34-4EA7-B30B-1884FA94E94F}.Debug|ARM.Build.0 = Debug|iPhoneSimulator
		{585A0C1C-1E34-4EA7-B30B-1884FA94E94F}.Debug|ARM.Deploy.0 = Debug|iPhoneSimulator
		{585A0C1C-1E34-4EA7-B30B-1884FA94E94F}.Debug|iPhone.ActiveCfg = Debug|iPhone
		{585A0C1C-1E34-4EA7-B30B-1884FA94E94F}.Debug|iPhone.Build.0 = Debug|iPhone
		{585A0C1C-1E34-4EA7-B30B-1884FA94E94F}.Debug|iPhone.Deploy.0 = Debug|iPhone
		{585A0C1C-1E34-4EA7-B30B-1884FA94E94F}.Debug|iPhoneSimulator.ActiveCfg = Debug|iPhoneSimulator
		{585A0C1C-1E34-4EA7-B30B-1884FA94E94F}.Debug|iPhoneSimulator.Build.0 = Debug|iPhoneSimulator
		{585A0C1C-1E34-4EA7-B30B-1884FA94E94F}.Debug|iPhoneSimulator.Deploy.0 = Debug|iPhoneSimulator
		{585A0C1C-1E34-4EA7-B30B-1884FA94E94F}.Debug|x64.ActiveCfg = Debug|iPhone
		{585A0C1C-1E34-4EA7-B30B-1884FA94E94F}.Debug|x64.Build.0 = Debug|iPhone
		{585A0C1C-1E34-4EA7-B30B-1884FA94E94F}.Debug|x64.Deploy.0 = Debug|iPhone
		{585A0C1C-1E34-4EA7-B30B-1884FA94E94F}.Debug|x86.ActiveCfg = Debug|iPhone
		{585A0C1C-1E34-4EA7-B30B-1884FA94E94F}.Debug|x86.Build.0 = Debug|iPhone
		{585A0C1C-1E34-4EA7-B30B-1884FA94E94F}.Debug|x86.Deploy.0 = Debug|iPhone
		{585A0C1C-1E34-4EA7-B30B-1884FA94E94F}.Release|Any CPU.ActiveCfg = Release|iPhone
		{585A0C1C-1E34-4EA7-B30B-1884FA94E94F}.Release|Any CPU.Build.0 = Release|iPhone
		{585A0C1C-1E34-4EA7-B30B-1884FA94E94F}.Release|Any CPU.Deploy.0 = Release|iPhone
		{585A0C1C-1E34-4EA7-B30B-1884FA94E94F}.Release|ARM.ActiveCfg = Release|iPhone
		{585A0C1C-1E34-4EA7-B30B-1884FA94E94F}.Release|ARM.Build.0 = Release|iPhone
		{585A0C1C-1E34-4EA7-B30B-1884FA94E94F}.Release|ARM.Deploy.0 = Release|iPhone
		{585A0C1C-1E34-4EA7-B30B-1884FA94E94F}.Release|iPhone.ActiveCfg = Release|iPhone
		{585A0C1C-1E34-4EA7-B30B-1884FA94E94F}.Release|iPhone.Build.0 = Release|iPhone
		{585A0C1C-1E34-4EA7-B30B-1884FA94E94F}.Release|iPhone.Deploy.0 = Release|iPhone
		{585A0C1C-1E34-4EA7-B30B-1884FA94E94F}.Release|iPhoneSimulator.ActiveCfg = Release|iPhoneSimulator
		{585A0C1C-1E34-4EA7-B30B-1884FA94E94F}.Release|iPhoneSimulator.Build.0 = Release|iPhoneSimulator
		{585A0C1C-1E34-4EA7-B30B-1884FA94E94F}.Release|iPhoneSimulator.Deploy.0 = Release|iPhoneSimulator
		{585A0C1C-1E34-4EA7-B30B-1884FA94E94F}.Release|x64.ActiveCfg = Release|iPhone
		{585A0C1C-1E34-4EA7-B30B-1884FA94E94F}.Release|x64.Build.0 = Release|iPhone
		{585A0C1C-1E34-4EA7-B30B-1884FA94E94F}.Release|x64.Deploy.0 = Release|iPhone
		{585A0C1C-1E34-4EA7-B30B-1884FA94E94F}.Release|x86.ActiveCfg = Release|iPhone
		{585A0C1C-1E34-4EA7-B30B-1884FA94E94F}.Release|x86.Build.0 = Release|iPhone
		{585A0C1C-1E34-4EA7-B30B-1884FA94E94F}.Release|x86.Deploy.0 = Release|iPhone
		{E51EA899-4D2B-4547-9FF4-275AF94570C8}.Debug|Any CPU.ActiveCfg = Debug|Any CPU
		{E51EA899-4D2B-4547-9FF4-275AF94570C8}.Debug|Any CPU.Build.0 = Debug|Any CPU
		{E51EA899-4D2B-4547-9FF4-275AF94570C8}.Debug|Any CPU.Deploy.0 = Debug|Any CPU
		{E51EA899-4D2B-4547-9FF4-275AF94570C8}.Debug|ARM.ActiveCfg = Debug|Any CPU
		{E51EA899-4D2B-4547-9FF4-275AF94570C8}.Debug|ARM.Build.0 = Debug|Any CPU
		{E51EA899-4D2B-4547-9FF4-275AF94570C8}.Debug|ARM.Deploy.0 = Debug|Any CPU
		{E51EA899-4D2B-4547-9FF4-275AF94570C8}.Debug|iPhone.ActiveCfg = Debug|Any CPU
		{E51EA899-4D2B-4547-9FF4-275AF94570C8}.Debug|iPhone.Build.0 = Debug|Any CPU
		{E51EA899-4D2B-4547-9FF4-275AF94570C8}.Debug|iPhone.Deploy.0 = Debug|Any CPU
		{E51EA899-4D2B-4547-9FF4-275AF94570C8}.Debug|iPhoneSimulator.ActiveCfg = Debug|Any CPU
		{E51EA899-4D2B-4547-9FF4-275AF94570C8}.Debug|iPhoneSimulator.Build.0 = Debug|Any CPU
		{E51EA899-4D2B-4547-9FF4-275AF94570C8}.Debug|iPhoneSimulator.Deploy.0 = Debug|Any CPU
		{E51EA899-4D2B-4547-9FF4-275AF94570C8}.Debug|x64.ActiveCfg = Debug|Any CPU
		{E51EA899-4D2B-4547-9FF4-275AF94570C8}.Debug|x64.Build.0 = Debug|Any CPU
		{E51EA899-4D2B-4547-9FF4-275AF94570C8}.Debug|x64.Deploy.0 = Debug|Any CPU
		{E51EA899-4D2B-4547-9FF4-275AF94570C8}.Debug|x86.ActiveCfg = Debug|Any CPU
		{E51EA899-4D2B-4547-9FF4-275AF94570C8}.Debug|x86.Build.0 = Debug|Any CPU
		{E51EA899-4D2B-4547-9FF4-275AF94570C8}.Debug|x86.Deploy.0 = Debug|Any CPU
		{E51EA899-4D2B-4547-9FF4-275AF94570C8}.Release|Any CPU.ActiveCfg = Release|Any CPU
		{E51EA899-4D2B-4547-9FF4-275AF94570C8}.Release|Any CPU.Build.0 = Release|Any CPU
		{E51EA899-4D2B-4547-9FF4-275AF94570C8}.Release|Any CPU.Deploy.0 = Release|Any CPU
		{E51EA899-4D2B-4547-9FF4-275AF94570C8}.Release|ARM.ActiveCfg = Release|Any CPU
		{E51EA899-4D2B-4547-9FF4-275AF94570C8}.Release|ARM.Build.0 = Release|Any CPU
		{E51EA899-4D2B-4547-9FF4-275AF94570C8}.Release|ARM.Deploy.0 = Release|Any CPU
		{E51EA899-4D2B-4547-9FF4-275AF94570C8}.Release|iPhone.ActiveCfg = Release|Any CPU
		{E51EA899-4D2B-4547-9FF4-275AF94570C8}.Release|iPhone.Build.0 = Release|Any CPU
		{E51EA899-4D2B-4547-9FF4-275AF94570C8}.Release|iPhone.Deploy.0 = Release|Any CPU
		{E51EA899-4D2B-4547-9FF4-275AF94570C8}.Release|iPhoneSimulator.ActiveCfg = Release|Any CPU
		{E51EA899-4D2B-4547-9FF4-275AF94570C8}.Release|iPhoneSimulator.Build.0 = Release|Any CPU
		{E51EA899-4D2B-4547-9FF4-275AF94570C8}.Release|iPhoneSimulator.Deploy.0 = Release|Any CPU
		{E51EA899-4D2B-4547-9FF4-275AF94570C8}.Release|x64.ActiveCfg = Release|Any CPU
		{E51EA899-4D2B-4547-9FF4-275AF94570C8}.Release|x64.Build.0 = Release|Any CPU
		{E51EA899-4D2B-4547-9FF4-275AF94570C8}.Release|x64.Deploy.0 = Release|Any CPU
		{E51EA899-4D2B-4547-9FF4-275AF94570C8}.Release|x86.ActiveCfg = Release|Any CPU
		{E51EA899-4D2B-4547-9FF4-275AF94570C8}.Release|x86.Build.0 = Release|Any CPU
		{E51EA899-4D2B-4547-9FF4-275AF94570C8}.Release|x86.Deploy.0 = Release|Any CPU
	EndGlobalSection
	GlobalSection(SolutionProperties) = preSolution
		HideSolutionNode = FALSE
	EndGlobalSection
	GlobalSection(ExtensibilityGlobals) = postSolution
		SolutionGuid = {05190CAD-40CB-4135-B3D3-1AD72DA423AB}
	EndGlobalSection
EndGlobal
